{
    "_meta": {
        "hash": {
            "sha256": "422194ce753c82c4472fcb2450c77b1997a99d453b883e9dde08d94843102066"
        },
        "pipfile-spec": 6,
        "requires": {
            "python_version": "3.13"
        },
        "sources": [
            {
                "name": "pypi",
                "url": "https://pypi.org/simple",
                "verify_ssl": true
            }
        ]
    },
    "default": {
        "numpy": {
            "hashes": [
                "sha256:038613e9fb8c72b0a41f025a7e4c3f0b7a1b5d768ece4796b674c8f3fe13efff",
                "sha256:0678000bb9ac1475cd454c6b8c799206af8107e310843532b04d49649c717a47",
                "sha256:0811bb762109d9708cca4d0b13c4f67146e3c3b7cf8d34018c722adb2d957c84",
                "sha256:0b605b275d7bd0c640cad4e5d30fa701a8d59302e127e5f79138ad62762c3e3d",
                "sha256:0bca768cd85ae743b2affdc762d617eddf3bcf8724435498a1e80132d04879e6",
                "sha256:1bc23a79bfabc5d056d106f9befb8d50c31ced2fbc70eedb8155aec74a45798f",
                "sha256:287cc3162b6f01463ccd86be154f284d0893d2b3ed7292439ea97eafa8170e0b",
                "sha256:37c0ca431f82cd5fa716eca9506aefcabc247fb27ba69c5062a6d3ade8cf8f49",
                "sha256:37e990a01ae6ec7fe7fa1c26c55ecb672dd98b19c3d0e1d1f326fa13cb38d163",
                "sha256:389d771b1623ec92636b0786bc4ae56abafad4a4c513d36a55dce14bd9ce8571",
                "sha256:3d70692235e759f260c3d837193090014aebdf026dfd167834bcba43e30c2a42",
                "sha256:41c5a21f4a04fa86436124d388f6ed60a9343a6f767fced1a8a71c3fbca038ff",
                "sha256:481b49095335f8eed42e39e8041327c05b0f6f4780488f61286ed3c01368d491",
                "sha256:4eeaae00d789f66c7a25ac5f34b71a7035bb474e679f410e5e1a94deb24cf2d4",
                "sha256:55a4d33fa519660d69614a9fad433be87e5252f4b03850642f88993f7b2ca566",
                "sha256:5a6429d4be8ca66d889b7cf70f536a397dc45ba6faeb5f8c5427935d9592e9cf",
                "sha256:5bd4fc3ac8926b3819797a7c0e2631eb889b4118a9898c84f585a54d475b7e40",
                "sha256:5beb72339d9d4fa36522fc63802f469b13cdbe4fdab4a288f0c441b74272ebfd",
                "sha256:6031dd6dfecc0cf9f668681a37648373bddd6421fff6c66ec1624eed0180ee06",
                "sha256:71594f7c51a18e728451bb50cc60a3ce4e6538822731b2933209a1f3614e9282",
                "sha256:74d4531beb257d2c3f4b261bfb0fc09e0f9ebb8842d82a7b4209415896adc680",
                "sha256:7befc596a7dc9da8a337f79802ee8adb30a552a94f792b9c9d18c840055907db",
                "sha256:894b3a42502226a1cac872f840030665f33326fc3dac8e57c607905773cdcde3",
                "sha256:8e41fd67c52b86603a91c1a505ebaef50b3314de0213461c7a6e99c9a3beff90",
                "sha256:8e9ace4a37db23421249ed236fdcdd457d671e25146786dfc96835cd951aa7c1",
                "sha256:8fc377d995680230e83241d8a96def29f204b5782f371c532579b4f20607a289",
                "sha256:9551a499bf125c1d4f9e250377c1ee2eddd02e01eac6644c080162c0c51778ab",
                "sha256:b0544343a702fa80c95ad5d3d608ea3599dd54d4632df855e4c8d24eb6ecfa1c",
                "sha256:b093dd74e50a8cba3e873868d9e93a85b78e0daf2e98c6797566ad8044e8363d",
                "sha256:b412caa66f72040e6d268491a59f2c43bf03eb6c96dd8f0307829feb7fa2b6fb",
                "sha256:b4f13750ce79751586ae2eb824ba7e1e8dba64784086c98cdbbcc6a42112ce0d",
                "sha256:b64d8d4d17135e00c8e346e0a738deb17e754230d7e0810ac5012750bbd85a5a",
                "sha256:ba10f8411898fc418a521833e014a77d3ca01c15b0c6cdcce6a0d2897e6dbbdf",
                "sha256:bd48227a919f1bafbdda0583705e547892342c26fb127219d60a5c36882609d1",
                "sha256:c1f9540be57940698ed329904db803cf7a402f3fc200bfe599334c9bd84a40b2",
                "sha256:c820a93b0255bc360f53eca31a0e676fd1101f673dda8da93454a12e23fc5f7a",
                "sha256:ce47521a4754c8f4593837384bd3424880629f718d87c5d44f8ed763edd63543",
                "sha256:d042d24c90c41b54fd506da306759e06e568864df8ec17ccc17e9e884634fd00",
                "sha256:de749064336d37e340f640b05f24e9e3dd678c57318c7289d222a8a2f543e90c",
                "sha256:e1dda9c7e08dc141e0247a5b8f49cf05984955246a327d4c48bda16821947b2f",
                "sha256:e29554e2bef54a90aa5cc07da6ce955accb83f21ab5de01a62c8478897b264fd",
                "sha256:e3143e4451880bed956e706a3220b4e5cf6172ef05fcc397f6f36a550b1dd868",
                "sha256:e8213002e427c69c45a52bbd94163084025f533a55a59d6f9c5b820774ef3303",
                "sha256:efd28d4e9cd7d7a8d39074a4d44c63eda73401580c5c76acda2ce969e0a38e83",
                "sha256:f0fd6321b839904e15c46e0d257fdd101dd7f530fe03fd6359c1ea63738703f3",
                "sha256:f1372f041402e37e5e633e586f62aa53de2eac8d98cbfb822806ce4bbefcb74d",
                "sha256:f2618db89be1b4e05f7a1a847a9c1c0abd63e63a1607d892dd54668dd92faf87",
                "sha256:f447e6acb680fd307f40d3da4852208af94afdfab89cf850986c3ca00562f4fa",
                "sha256:f92729c95468a2f4f15e9bb94c432a9229d0d50de67304399627a943201baa2f",
                "sha256:f9f1adb22318e121c5c69a09142811a201ef17ab257a1e66ca3025065b7f53ae",
                "sha256:fc0c5673685c508a142ca65209b4e79ed6740a4ed6b2267dbba90f34b0b3cfda",
                "sha256:fc7b73d02efb0e18c000e9ad8b83480dfcd5dfd11065997ed4c6747470ae8915",
                "sha256:fd83c01228a688733f1ded5201c678f0c53ecc1006ffbc404db9f7a899ac6249",
                "sha256:fe27749d33bb772c80dcd84ae7e8df2adc920ae8297400dabec45f0dedb3f6de",
                "sha256:fee4236c876c4e8369388054d02d0e9bb84821feb1a64dd59e137e6511a551f8"
            ],
            "index": "pypi",
            "markers": "python_version >= '3.10'",
            "version": "==2.2.6"
        },
        "opencv-python": {
            "hashes": [
                "sha256:092c16da4c5a163a818f120c22c5e4a2f96e0db4f24e659c701f1fe629a690f9",
                "sha256:51fd981c7df6af3e8f70b1556696b05224c4e6b6777bdd2a46b3d4fb09de1a92",
                "sha256:812eb116ad2b4de43ee116fcd8991c3a687f099ada0b04e68f64899c09448e81",
                "sha256:8b738389cede219405f6f3880b851efa3415ccd674752219377353f017d2994d",
                "sha256:d98edb20aa932fd8ebd276a72627dad9dc097695b3d435a4257557bbb49a79d2",
                "sha256:f9a1f08883257b95a5764bf517a32d75aec325319c8ed0f89739a57fae9e92a5",
                "sha256:ff554d3f725b39878ac6a2e1fa232ec509c36130927afc18a1719ebf4fbf4357"
            ],
            "index": "pypi",
            "markers": "python_version >= '3.6'",
            "version": "==4.12.0.88"
        },
        "pillow": {
            "hashes": [
                "sha256:00162e9ca6d22b7c3ee8e61faa3c3253cd19b6a37f126cad04f2f88b306f557d",
                "sha256:079af2fb0c599c2ec144ba2c02766d1b55498e373b3ac64687e43849fbbef5bc",
                "sha256:0b022eaaf709541b391ee069f0022ee5b36c709df71986e3f7be312e46f42c84",
                "sha256:0c27407a2d1b96774cbc4a7594129cc027339fd800cd081e44497722ea1179de",
                "sha256:0ddedfaa8b5f0b4ffbc2fa87b556dc59f6bb4ecb14a53b33f9189713ae8053c0",
                "sha256:0deedf2ea233722476b3a81e8cdfbad786f7adbed5d848469fa59fe52396e4ef",
                "sha256:0ed07dca4a8464bada6139ab38f5382f83e5f111698caf3191cb8dbf27d908b4",
                "sha256:0fde7ec5538ab5095cc02df38ee99b0443ff0e1c847a045554cf5f9af1f4aa82",
                "sha256:15c794d74303828eaa957ff8070846d0efe8c630901a1c753fdc63850e19ecd9",
                "sha256:1a949604f73eb07a8adab38c4fe50791f9919344398bdc8ac6b307f755fc7030",
                "sha256:1f345e7bc9d7f368887c712aa5054558bad44d2a301ddf9248599f4161abc7c0",
                "sha256:1fcc52d86ce7a34fd17cb04e87cfdb164648a3662a6f20565910a99653d66c18",
                "sha256:21e686a21078b0f9cb8c8a961d99e6a4ddb88e0fc5ea6e130172ddddc2e5221a",
                "sha256:2415373395a831f53933c23ce051021e79c8cd7979822d8cc478547a3f4da8ef",
                "sha256:277518bf4fe74aa91489e1b20577473b19ee70fb97c374aa50830b279f25841b",
                "sha256:27b9baecb428899db6c0de572d6d305cfaf38ca1596b5c0542a5182e3e74e8c6",
                "sha256:29a4cef9cb672363926f0470afc516dbf7305a14d8c54f7abbb5c199cd8f8179",
                "sha256:3413c2ae377550f5487991d444428f1a8ae92784aac79caa8b1e3b89b175f77e",
                "sha256:351889afef0f485b84078ea40fe33727a0492b9af3904661b0abbafee0355b72",
                "sha256:3ffaa2f0659e2f740473bcf03c702c39a8d4b2b7ffc629052028764324842c64",
                "sha256:40a8e3b9e8773876d6e30daed22f016509e3987bab61b3b7fe309d7019a87451",
                "sha256:414b9a78e14ffeb98128863314e62c3f24b8a86081066625700b7985b3f529bd",
                "sha256:43aca0a55ce1eefc0aefa6253661cb54571857b1a7b2964bd8a1e3ef4b729924",
                "sha256:43b4899cfd091a9693a1278c4982f3e50f7fb7cff5153b05174b4afc9593b616",
                "sha256:461f9dfdafa394c59cd6d818bdfdbab4028b83b02caadaff0ffd433faf4c9a7a",
                "sha256:4f9f6a650743f0ddee5593ac9e954ba1bdbc5e150bc066586d4f26127853ab94",
                "sha256:53d8b764726d3af1a138dd353116f774e3862ec7e3794e0c8781e30db0f35dfc",
                "sha256:565c986f4b45c020f5421a4cea13ef294dde9509a8577f29b2fc5edc7587fff8",
                "sha256:5c5ae0a06e9ea030ab786b0251b32c7e4ce10e58d983c0d5c56029455180b5b9",
                "sha256:5cb7bc1966d031aec37ddb9dcf15c2da5b2e9f7cc3ca7c54473a20a927e1eb91",
                "sha256:5da841d81b1a05ef940a8567da92decaa15bc4d7dedb540a8c219ad83d91808a",
                "sha256:5fee4c04aad8932da9f8f710af2c1a15a83582cfb884152a9caa79d4efcdbf9c",
                "sha256:609e89d9f90b581c8d16358c9087df76024cf058fa693dd3e1e1620823f39670",
                "sha256:6258f3260986990ba2fa8a874f8b6e808cf5abb51a94015ca3dc3c68aa4f30ea",
                "sha256:64efdf00c09e31efd754448a383ea241f55a994fd079866b92d2bbff598aad91",
                "sha256:65b80c1ee7e14a87d6a068dd3b0aea268ffcabfe0498d38661b00c5b4b22e74c",
                "sha256:6741e6f3074a35e47c77b23a4e4f2d90db3ed905cb1c5e6e0d49bff2045632bc",
                "sha256:681088909d7e8fa9e31b9799aaa59ba5234c58e5e4f1951b4c4d1082a2e980e0",
                "sha256:6b7a9d1db5dad90e2991645874f708e87d9a3c370c243c2d7684d28f7e133e6b",
                "sha256:7315f9137087c4e0ee73a761b163fc9aa3b19f5f606a7fc08d83fd3e4379af65",
                "sha256:742aea052cf5ab5034a53c3846165bc3ce88d7c38e954120db0ab867ca242661",
                "sha256:75af0b4c229ac519b155028fa1be632d812a519abba9b46b20e50c6caa184f19",
                "sha256:7b5dd7cbae20285cdb597b10eb5a2c13aa9de6cde9bb64a3c1317427b1db1ae1",
                "sha256:7d6daa89a00b58c37cb1747ec9fb7ac3bc5ffd5949f5888657dfddde6d1312e0",
                "sha256:800429ac32c9b72909c671aaf17ecd13110f823ddb7db4dfef412a5587c2c24e",
                "sha256:806f3987ffe10e867bab0ddad45df1148a2b98221798457fa097ad85d6e8bc75",
                "sha256:808b99604f7873c800c4840f55ff389936ef1948e4e87645eaf3fccbc8477ac4",
                "sha256:80941e6d573197a0c28f394753de529bb436b1ca990ed6e765cf42426abc39f8",
                "sha256:84cabc7095dd535ca934d57e9ce2a72ffd216e435a84acb06b2277b1de2689bd",
                "sha256:8637e29d13f478bc4f153d8daa9ffb16455f0a6cb287da1b432fdad2bfbd66c7",
                "sha256:896866d2d436563fa2a43a9d72f417874f16b5545955c54a64941e87c1376c61",
                "sha256:8e178e3e99d3c0ea8fc64b88447f7cac8ccf058af422a6cedc690d0eadd98c51",
                "sha256:907bfa8a9cb790748a9aa4513e37c88c59660da3bcfffbd24a7d9e6abf224551",
                "sha256:9212d6b86917a2300669511ed094a9406888362e085f2431a7da985a6b124f45",
                "sha256:92a7fe4225365c5e3a8e598982269c6d6698d3e783b3b1ae979e7819f9cd55c1",
                "sha256:935b9d1aed48fcfb3f838caac506f38e29621b44ccc4f8a64d575cb1b2a88644",
                "sha256:97e9993d5ed946aba26baf9c1e8cf18adbab584b99f452ee72f7ee8acb882796",
                "sha256:983976c2ab753166dc66d36af6e8ec15bb511e4a25856e2227e5f7e00a160587",
                "sha256:9f5fefaca968e700ad1a4a9de98bf0869a94e397fe3524c4c9450c1445252304",
                "sha256:a332ac4ccb84b6dde65dbace8431f3af08874bf9770719d32a635c4ef411b18b",
                "sha256:a40905599d8079e09f25027423aed94f2823adaf2868940de991e53a449e14a8",
                "sha256:a6dfc2af5b082b635af6e08e0d1f9f1c4e04d17d4e2ca0ef96131e85eda6eb17",
                "sha256:a786bf667724d84aa29b5db1c61b7bfdde380202aaca12c3461afd6b71743171",
                "sha256:a83e0850cb8f5ac975291ebfc4170ba481f41a28065277f7f735c202cd8e0af3",
                "sha256:aa0c9cc0b82b14766a99fbe6084409972266e82f459821cd26997a488a7261a7",
                "sha256:b17fbdbe01c196e7e159aacb889e091f28e61020a8abeac07b68079b6e626988",
                "sha256:b63e13dd27da389ed9475b3d28510f0f954bca0041e8e551b2a4eb1eab56a39a",
                "sha256:b6e53e82ec2db0717eabb276aa56cf4e500c9a7cec2c2e189b55c24f65a3e8c0",
                "sha256:bb0984b30e973f7e2884362b7d23d0a348c7143ee559f38ef3eaab640144204c",
                "sha256:bc11908616c8a283cf7d664f77411a5ed2a02009b0097ff8abbba5e79128ccf2",
                "sha256:bdec5e43377761c5dbca620efb69a77f6855c5a379e32ac5b158f54c84212b14",
                "sha256:bef9768cab184e7ae6e559c032e95ba8d07b3023c289f79a2bd36e8bf85605a5",
                "sha256:c990547452ee2800d8506c4150280757f88532f3de2a58e3022e9b179107862a",
                "sha256:ca94b6aac0d7af2a10ba08c0f888b3d5114439b6b3ef39968378723622fed377",
                "sha256:cad302dc10fac357d3467a74a9561c90609768a6f73a1923b0fd851b6486f8b0",
                "sha256:d0a7735df32ccbcc98b98a1ac785cc4b19b580be1bdf0aeb5c03223220ea09d5",
                "sha256:d70347c8a5b7ccd803ec0c85c8709f036e6348f1e6a5bf048ecd9c64d3550b8b",
                "sha256:d70534cea9e7966169ad29a903b99fc507e932069a881d0965a1a84bb57f6c6d",
                "sha256:db44d5c160a90df2d24a24760bbd37607d53da0b34fb546c4c232af7192298ac",
                "sha256:e115c15e3bc727b1ca3e641a909f77f8ca72a64fff150f666fcc85e57701c26c",
                "sha256:e2479c7f02f9d505682dc47df8c0ea1fc5e264c4d1629a5d63fe3e2334b89554",
                "sha256:e5dcbe95016e88437ecf33544ba5db21ef1b8dd6e1b434a2cb2a3d605299e643",
                "sha256:e6bdb408f7c9dd2a5ff2b14a3b0bb6d4deb29fb9961e6eb3ae2031ae9a5cec13",
                "sha256:e75d3dba8fc1ddfec0cd752108f93b83b4f8d6ab40e524a95d35f016b9683b09",
                "sha256:efdc140e7b63b8f739d09a99033aa430accce485ff78e6d311973a67b6bf3208",
                "sha256:f10c98f49227ed8383d28174ee95155a675c4ed7f85e2e573b04414f7e371bda",
                "sha256:f188028b5af6b8fb2e9a76ac0f841a575bd1bd396e46ef0840d9b88a48fdbcea",
                "sha256:f188d580bd870cda1e15183790d1cc2fa78f666e76077d103edf048eed9c356e",
                "sha256:f45bd71d1fa5e5749587613037b172e0b3b23159d1c00ef2fc920da6f470e6f0",
                "sha256:f61333d817698bdcdd0f9d7793e365ac3d2a21c1f1eb02b32ad6aefb8d8ea831",
                "sha256:fb125d860738a09d363a88daa0f59c4533529a90e564785e20fe875b200b6dbd"
            ],
            "index": "pypi",
            "markers": "python_version >= '3.10'",
            "version": "==12.1.0"
        },
        "pycairo": {
            "hashes": [
                "sha256:09b7f69a5ff6881e151354ea092137b97b0b1f0b2ab4eb81c92a02cc4a08e335",
                "sha256:12757ebfb304b645861283c20585c9204c3430671fad925419cba04844d6dfed",
                "sha256:15b36aea699e2ff215cb6a21501223246032e572a3a10858366acdd69c81a1c8",
                "sha256:3391532db03f9601c1cee9ebfa15b7d1db183c6020f3e75c1348cee16825934f",
                "sha256:3eb382a4141591807073274522f7aecab9e8fa2f14feafd11ac03a13a58141d7",
                "sha256:3f01c3b5e49ef9411fff6bc7db1e765f542dc1c9cfed4542958a5afa3a8b8e76",
                "sha256:5e45fce6185f553e79e4ef1722b8e98e6cde9900dbc48cb2637a9ccba86f627a",
                "sha256:65bddd944aee9f7d7d72821b1c87e97593856617c2820a78d589d66aa8afbd08",
                "sha256:69e2a7968a3fbb839736257bae153f547bca787113cc8d21e9e08ca4526e0b6b",
                "sha256:91114e4b3fbf4287c2b0788f83e1f566ce031bda49cf1c3c3c19c3e986e95c38",
                "sha256:91bcd7b5835764c616a615d9948a9afea29237b34d2ed013526807c3d79bb1d0",
                "sha256:96c67e6caba72afd285c2372806a0175b1aa2f4537aa88fb4d9802d726effcd1",
                "sha256:b69be8bb65c46b680771dc6a1a422b1cdd0cffb17be548f223e8cbbb6205567c",
                "sha256:b72200ea0e5f73ae4c788cd2028a750062221385eb0e6d8f1ecc714d0b4fdf82",
                "sha256:caba0837a4b40d47c8dfb0f24cccc12c7831e3dd450837f2a356c75f21ce5a15",
                "sha256:e91243437a21cc4c67c401eff4433eadc45745275fa3ade1a0d877e50ffb90da",
                "sha256:eafe3d2076f3533535ad4a361fa0754e0ee66b90e548a3a0f558fed00b1248f2",
                "sha256:f3f7fde97325cae80224c09f12564ef58d0d0f655da0e3b040f5807bd5bd3142"
            ],
            "markers": "python_version >= '3.10'",
            "version": "==1.29.0"
        },
        "pygobject": {
            "hashes": [
                "sha256:b6656f6348f5245606cf15ea48c384c7f05156c75ead206c1b246c80a22fb585"
            ],
            "index": "pypi",
            "markers": "python_version >= '3.9'",
            "version": "==3.54.5"
        },
        "pyqt6": {
            "hashes": [
                "sha256:3c32d738c3fe7434e9008c6aed2897742952a0634383fe5fabaf390139a7726e",
                "sha256:46aee0453606097ba35645806fb8cb4019d3825781ff94c5070da7f97bb243d8",
                "sha256:9cc63abb4136f9c71b39381874ca37ba2b8b920085828497176f3ef50fb72ac2",
                "sha256:b943c2c2b0890db203b1af72714490afa8870b372ceb935cad70877a4e57c0c8",
                "sha256:d2f4c3475d1660c343061e64724fccd1e44ec00017f1c89625660de1855a9beb",
                "sha256:d733a6c712c0b7a7b99e4ad59b211ea25a5d1b9d1131e47a1f50b5e524266e57"
            ],
            "index": "pypi",
            "markers": "python_version >= '3.9'",
            "version": "==6.10.1"
        },
        "pyqt6-qt6": {
            "hashes": [
                "sha256:04069aea421703b1269c8a1bcf017e36463af284a044239a4ebda3bde0a629fb",
                "sha256:0921cc522512cb40dbab673806bc1676924819550e0aec8e3f3fe6907387c5b7",
                "sha256:48282e0f99682daf4f1e220cfe9f41255e003af38f7728a30d40c76e55c89816",
                "sha256:4bb2798a95f624b462b70c4f185422235b714b01e55abab32af1740f147948e2",
                "sha256:5b9be39e0120e32d0b42cdb844e3ae110ddadd39629c991e511902c06f155aff",
                "sha256:df564d3dc2863b1fde22b39bea9f56ceb2a3ed7d6f0b76d3f96c2d3bc5d71516"
            ],
            "version": "==6.10.1"
        },
        "pyqt6-sip": {
            "hashes": [
                "sha256:0c7af45b0cc47484deb20f94d426d7f76beb141f86315d5ee5edc944ca88abea",
                "sha256:3286a98e93608d51048e9046f557117424c8366be266b33ff852ee54ffa7b9bf",
                "sha256:3ddaf8fd15d18b550d054d3e5b6bbb3ae227650caabd0953f4da2bde07c3bd1c",
                "sha256:3f3e2a79738319b795f0d1b2a555b1ea669b1a306b604bac876c84833cabb008",
                "sha256:4fc6229ba7276266e3805b5517e7413cba79538f0c3ce7d2042a2027a90f99cf",
                "sha256:52c864e6977f1d45a98b8f694682fc545fd21b2432e84f552e8b16894f9b41ed",
                "sha256:580dcd25016f54fcee30663bac55534bdc2a1d1d06dd39850dc4573ae938b792",
                "sha256:6122fe4ccba5a5023581c2c3c57deab6eab56d8e931beec20b05666a46a38e6a",
                "sha256:61e4e935f1d80dd107b0a97fbcbbf27e07046666f72663fa4b0d700514e8201c",
                "sha256:630895b3827e2c3b4e072089157985691fe4210d64340e71141f93775ea4ae51",
                "sha256:7361b7005a375cd647f2d1e3ca7000967406831bef466003e6ead2af27d84a2b",
                "sha256:748758dfd7f77aeb1c5becfc934a722ce10de51bfdf9902f9cad19c27ba146e7",
                "sha256:9e48e5d6ac9e1a61d5abdfb2191a0ffb19948eefd5adacdd0c1dedbed06222aa",
                "sha256:a6354ae91fcf7f8da116c921c77efd06e1a98d58d25a95c047991954394212fe",
                "sha256:a7cf030fd4a024ffc60d5d9ea10b443b5a8ca5e247036d72fc4e13f12f3670c6",
                "sha256:a856b9b2a4700c8dded1c870811d5ba26722238d57c9098904a99570429d112b",
                "sha256:a8b5532398c0e6d0064d4dce4c096ff20bf710507dafefb036eff61c3f59cda8",
                "sha256:d02c138c6eacb13ef668bfe6becfb6ab40bb40135f34a36ef31b7dc860976493",
                "sha256:d2b26256fa4d4d042d699138d9bc1df0180b981cce020f59fae15d310eccf4ee",
                "sha256:dd21e6f70f7cfe81e1d9b96800652ffeb5947b41354c4fd58a5e3d3f02499a7a",
                "sha256:e234a3af9539f71bb566e7136317b92f189a89553970284d833cd63cca4dafdd",
                "sha256:e65a52b3e1228de2a0cd4051191dcbd36adefeb0db813c207a4b7516803d1c25",
                "sha256:eb7afe41329ce2eca99118f01776a047a2a150c550258dff1746505af223f997",
                "sha256:efef47667ca009557d7ecf985b15f0bf440584fd634ee0eab19ec296effc7cca",
                "sha256:f2828ab21a6686196f7b6f9507e2100cbe5c1f2c421519c0f522b5ebe83f359b"
            ],
            "markers": "python_version >= '3.10'",
            "version": "==13.10.3"
        },
        "pyudev": {
            "hashes": [
                "sha256:b3b6b01c68e6fc628428cc45ff3fe6c277afbb5d96507f14473ddb4a6b959e00",
                "sha256:e788bb983700b1a84efc2e88862b0a51af2a995d5b86bc9997546505cf7b36bc"
            ],
            "index": "pypi",
            "markers": "python_version >= '3.9'",
            "version": "==0.24.4"
        }
    },
    "develop": {}
}
